# THIS IS AN AUTOGENERATED FILE. DO NOT EDIT THIS FILE DIRECTLY.
# yarn lockfile v1


nodemailer@^5.1.1:
  version "5.1.1"
  resolved "https://registry.yarnpkg.com/nodemailer/-/nodemailer-5.1.1.tgz#0c48d1ecab02e86d9ff6c620ee75ed944b763505"
  integrity sha512-hKGCoeNdFL2W7S76J/Oucbw0/qRlfG815tENdhzcqTpSjKgAN91mFOqU2lQUflRRxFM7iZvCyaFcAR9noc/CqQ==

three@^0.100.0:
  version "0.100.0"
  resolved "https://registry.yarnpkg.com/three/-/three-0.100.0.tgz#262841c0b7d88ebd62af73f28d9f578963b3aa00"
  integrity sha512-/lN2rdE1OqIwJr4/HcSaOisiCY0uVA0sqPpbCG5nil2uICEdS0LfGwSVYTtZDsIpR76r3++h5H3Hzg5D+SJBRQ==
